
Microsoft Visual Studio Solution File, Format Version 12.00
# Visual Studio 15
VisualStudioVersion = 15.0.27428.2015
MinimumVisualStudioVersion = 10.0.40219.1
Project("{8BC9CEB8-8B4A-11D0-8D11-00A0C91BC942}") = "GameStats", "GameStats\GameStats.vcxproj", "{449E6435-CDF5-443E-B423-FA725C2D0BBB}"
EndProject
Global
	GlobalSection(SolutionConfigurationPlatforms) = preSolution
		Debug|x64 = Debug|x64
		Debug|x86 = Debug|x86
		Release|x64 = Release|x64
		Release|x86 = Release|x86
	EndGlobalSection
	GlobalSection(ProjectConfigurationPlatforms) = postSolution
		{449E6435-CDF5-443E-B423-FA725C2D0BBB}.Debug|x64.ActiveCfg = Debug|x64
		{449E6435-CDF5-443E-B423-FA725C2D0BBB}.Debug|x64.Build.0 = Debug|x64
		{449E6435-CDF5-443E-B423-FA725C2D0BBB}.Debug|x86.ActiveCfg = Debug|Win32
		{449E6435-CDF5-443E-B423-FA725C2D0BBB}.Debug|x86.Build.0 = Debug|Win32
		{449E6435-CDF5-443E-B423-FA725C2D0BBB}.Release|x64.ActiveCfg = Release|x64
		{449E6435-CDF5-443E-B423-FA725C2D0BBB}.Release|x64.Build.0 = Release|x64
		{449E6435-CDF5-443E-B423-FA725C2D0BBB}.Release|x86.ActiveCfg = Release|Win32
		{449E6435-CDF5-443E-B423-FA725C2D0BBB}.Release|x86.Build.0 = Release|Win32
	EndGlobalSection
	GlobalSection(SolutionProperties) = preSolution
		HideSolutionNode = FALSE
	EndGlobalSection
	GlobalSection(ExtensibilityGlobals) = postSolution
		SolutionGuid = {5F6ACFD0-3E10-4862-84B7-48C039E412E1}
	EndGlobalSection
EndGlobal
